
Microsoft Visual Studio Solution File, Format Version 12.00
# Visual Studio Version 16
VisualStudioVersion = 16.0.29411.108
MinimumVisualStudioVersion = 10.0.40219.1
Project("{9A19103F-16F7-4668-BE54-9A1E7A4F7556}") = "CognitoTest", "CognitoTest.csproj", "{6A22477F-824E-47E3-BBB0-BD991501981C}"
EndProject
Global
	GlobalSection(SolutionConfigurationPlatforms) = preSolution
		Debug|Any CPU = Debug|Any CPU
		Release|Any CPU = Release|Any CPU
	EndGlobalSection
	GlobalSection(ProjectConfigurationPlatforms) = postSolution
		{6A22477F-824E-47E3-BBB0-BD991501981C}.Debug|Any CPU.ActiveCfg = Debug|Any CPU
		{6A22477F-824E-47E3-BBB0-BD991501981C}.Debug|Any CPU.Build.0 = Debug|Any CPU
		{6A22477F-824E-47E3-BBB0-BD991501981C}.Release|Any CPU.ActiveCfg = Release|Any CPU
		{6A22477F-824E-47E3-BBB0-BD991501981C}.Release|Any CPU.Build.0 = Release|Any CPU
	EndGlobalSection
	GlobalSection(SolutionProperties) = preSolution
		HideSolutionNode = FALSE
	EndGlobalSection
	GlobalSection(ExtensibilityGlobals) = postSolution
		SolutionGuid = {0A2D9BA3-2BF0-4D4D-A54A-B8DF8F29CD8E}
	EndGlobalSection
EndGlobal
